// !$*UTF8*$!
{
	archiveVersion = 1;
	classes = {
	};
	objectVersion = 50;
	objects = {

/* Begin PBXBuildFile section */
		D1970A8B20B86E6B00E80FFA /* AppDelegate.swift in Sources */ = {isa = PBXBuildFile; fileRef = D1970A8A20B86E6B00E80FFA /* AppDelegate.swift */; };
		D1970A8D20B86E6B00E80FFA /* ViewController.swift in Sources */ = {isa = PBXBuildFile; fileRef = D1970A8C20B86E6B00E80FFA /* ViewController.swift */; };
		D1970A9020B86E6B00E80FFA /* Main.storyboard in Resources */ = {isa = PBXBuildFile; fileRef = D1970A8E20B86E6B00E80FFA /* Main.storyboard */; };
		D1970A9320B86E6B00E80FFA /* viceversa.xcdatamodeld in Sources */ = {isa = PBXBuildFile; fileRef = D1970A9120B86E6B00E80FFA /* viceversa.xcdatamodeld */; };
		D1970A9520B86E6D00E80FFA /* Assets.xcassets in Resources */ = {isa = PBXBuildFile; fileRef = D1970A9420B86E6D00E80FFA /* Assets.xcassets */; };
		D1970A9820B86E6D00E80FFA /* LaunchScreen.storyboard in Resources */ = {isa = PBXBuildFile; fileRef = D1970A9620B86E6D00E80FFA /* LaunchScreen.storyboard */; };
/* End PBXBuildFile section */

/* Begin PBXFileReference section */
		D1970A8720B86E6B00E80FFA /* viceversa.app */ = {isa = PBXFileReference; explicitFileType = wrapper.application; includeInIndex = 0; path = viceversa.app; sourceTree = BUILT_PRODUCTS_DIR; };
		D1970A8A20B86E6B00E80FFA /* AppDelegate.swift */ = {isa = PBXFileReference; lastKnownFileType = sourcecode.swift; path = AppDelegate.swift; sourceTree = "<group>"; };
		D1970A8C20B86E6B00E80FFA /* ViewController.swift */ = {isa = PBXFileReference; lastKnownFileType = sourcecode.swift; path = ViewController.swift; sourceTree = "<group>"; };
		D1970A8F20B86E6B00E80FFA /* Base */ = {isa = PBXFileReference; lastKnownFileType = file.storyboard; name = Base; path = Base.lproj/Main.storyboard; sourceTree = "<group>"; };
		D1970A9220B86E6B00E80FFA /* viceversa.xcdatamodel */ = {isa = PBXFileReference; lastKnownFileType = wrapper.xcdatamodel; path = viceversa.xcdatamodel; sourceTree = "<group>"; };
		D1970A9420B86E6D00E80FFA /* Assets.xcassets */ = {isa = PBXFileReference; lastKnownFileType = folder.assetcatalog; path = Assets.xcassets; sourceTree = "<group>"; };
		D1970A9720B86E6D00E80FFA /* Base */ = {isa = PBXFileReference; lastKnownFileType = file.storyboard; name = Base; path = Base.lproj/LaunchScreen.storyboard; sourceTree = "<group>"; };
		D1970A9920B86E6D00E80FFA /* Info.plist */ = {isa = PBXFileReference; lastKnownFileType = text.plist.xml; path = Info.plist; sourceTree = "<group>"; };
/* End PBXFileReference section */

/* Begin PBXFrameworksBuildPhase section */
		D1970A8420B86E6B00E80FFA /* Frameworks */ = {
			isa = PBXFrameworksBuildPhase;
			buildActionMask = 2147483647;
			files = (
			);
			runOnlyForDeploymentPostprocessing = 0;
		};
/* End PBXFrameworksBuildPhase section */

/* Begin PBXGroup section */
		D1970A7E20B86E6B00E80FFA = {
			isa = PBXGroup;
			children = (
				D1970A8920B86E6B00E80FFA /* viceversa */,
				D1970A8820B86E6B00E80FFA /* Products */,
			);
			sourceTree = "<group>";
		};
		D1970A8820B86E6B00E80FFA /* Products */ = {
			isa = PBXGroup;
			children = (
				D1970A8720B86E6B00E80FFA /* viceversa.app */,
			);
			name = Products;
			sourceTree = "<group>";
		};
		D1970A8920B86E6B00E80FFA /* viceversa */ = {
			isa = PBXGroup;
			children = (
				D1970A8A20B86E6B00E80FFA /* AppDelegate.swift */,
				D1970A8C20B86E6B00E80FFA /* ViewController.swift */,
				D1970A8E20B86E6B00E80FFA /* Main.storyboard */,
				D1970A9420B86E6D00E80FFA /* Assets.xcassets */,
				D1970A9620B86E6D00E80FFA /* LaunchScreen.storyboard */,
				D1970A9920B86E6D00E80FFA /* Info.plist */,
				D1970A9120B86E6B00E80FFA /* viceversa.xcdatamodeld */,
			);
			path = viceversa;
			sourceTree = "<group>";
		};
/* End PBXGroup section */

/* Begin PBXNativeTarget section */
		D1970A8620B86E6B00E80FFA /* viceversa */ = {
			isa = PBXNativeTarget;
			buildConfigurationList = D1970A9C20B86E6D00E80FFA /* Build configuration list for PBXNativeTarget "viceversa" */;
			buildPhases = (
				D1970A8320B86E6B00E80FFA /* Sources */,
				D1970A8420B86E6B00E80FFA /* Frameworks */,
				D1970A8520B86E6B00E80FFA /* Resources */,
			);
			buildRules = (
			);
			dependencies = (
			);
			name = viceversa;
			productName = viceversa;
			productReference = D1970A8720B86E6B00E80FFA /* viceversa.app */;
			productType = "com.apple.product-type.application";
		};
/* End PBXNativeTarget section */

/* Begin PBXProject section */
		D1970A7F20B86E6B00E80FFA /* Project object */ = {
			isa = PBXProject;
			attributes = {
				LastSwiftUpdateCheck = 0930;
				LastUpgradeCheck = 0930;
				ORGANIZATIONNAME = SajedeNouri;
				TargetAttributes = {
					D1970A8620B86E6B00E80FFA = {
						CreatedOnToolsVersion = 9.3;
					};
				};
			};
			buildConfigurationList = D1970A8220B86E6B00E80FFA /* Build configuration list for PBXProject "viceversa" */;
			compatibilityVersion = "Xcode 9.3";
			developmentRegion = en;
			hasScannedForEncodings = 0;
			knownRegions = (
				en,
				Base,
			);
			mainGroup = D1970A7E20B86E6B00E80FFA;
			productRefGroup = D1970A8820B86E6B00E80FFA /* Products */;
			projectDirPath = "";
			projectRoot = "";
			targets = (
				D1970A8620B86E6B00E80FFA /* viceversa */,
			);
		};
/* End PBXProject section */

/* Begin PBXResourcesBuildPhase section */
		D1970A8520B86E6B00E80FFA /* Resources */ = {
			isa = PBXResourcesBuildPhase;
			buildActionMask = 2147483647;
			files = (
				D1970A9820B86E6D00E80FFA /* LaunchScreen.storyboard in Resources */,
				D1970A9520B86E6D00E80FFA /* Assets.xcassets in Resources */,
				D1970A9020B86E6B00E80FFA /* Main.storyboard in Resources */,
			);
			runOnlyForDeploymentPostprocessing = 0;
		};
/* End PBXResourcesBuildPhase section */

/* Begin PBXSourcesBuildPhase section */
		D1970A8320B86E6B00E80FFA /* Sources */ = {
			isa = PBXSourcesBuildPhase;
			buildActionMask = 2147483647;
			files = (
				D1970A8D20B86E6B00E80FFA /* ViewController.swift in Sources */,
				D1970A8B20B86E6B00E80FFA /* AppDelegate.swift in Sources */,
				D1970A9320B86E6B00E80FFA /* viceversa.xcdatamodeld in Sources */,
			);
			runOnlyForDeploymentPostprocessing = 0;
		};
/* End PBXSourcesBuildPhase section */

/* Begin PBXVariantGroup section */
		D1970A8E20B86E6B00E80FFA /* Main.storyboard */ = {
			isa = PBXVariantGroup;
			children = (
				D1970A8F20B86E6B00E80FFA /* Base */,
			);
			name = Main.storyboard;
			sourceTree = "<group>";
		};
		D1970A9620B86E6D00E80FFA /* LaunchScreen.storyboard */ = {
			isa = PBXVariantGroup;
			children = (
				D1970A9720B86E6D00E80FFA /* Base */,
			);
			name = LaunchScreen.storyboard;
			sourceTree = "<group>";
		};
/* End PBXVariantGroup section */

/* Begin XCBuildConfiguration section */
		D1970A9A20B86E6D00E80FFA /* Debug */ = {
			isa = XCBuildConfiguration;
			buildSettings = {
				ALWAYS_SEARCH_USER_PATHS = NO;
				CLANG_ANALYZER_NONNULL = YES;
				CLANG_ANALYZER_NUMBER_OBJECT_CONVERSION = YES_AGGRESSIVE;
				CLANG_CXX_LANGUAGE_STANDARD = "gnu++14";
				CLANG_CXX_LIBRARY = "libc++";
				CLANG_ENABLE_MODULES = YES;
				CLANG_ENABLE_OBJC_ARC = YES;
				CLANG_ENABLE_OBJC_WEAK = YES;
				CLANG_WARN_BLOCK_CAPTURE_AUTORELEASING = YES;
				CLANG_WARN_BOOL_CONVERSION = YES;
				CLANG_WARN_COMMA = YES;
				CLANG_WARN_CONSTANT_CONVERSION = YES;
				CLANG_WARN_DEPRECATED_OBJC_IMPLEMENTATIONS = YES;
				CLANG_WARN_DIRECT_OBJC_ISA_USAGE = YES_ERROR;
				CLANG_WARN_DOCUMENTATION_COMMENTS = YES;
				CLANG_WARN_EMPTY_BODY = YES;
				CLANG_WARN_ENUM_CONVERSION = YES;
				CLANG_WARN_INFINITE_RECURSION = YES;
				CLANG_WARN_INT_CONVERSION = YES;
				CLANG_WARN_NON_LITERAL_NULL_CONVERSION = YES;
				CLANG_WARN_OBJC_IMPLICIT_RETAIN_SELF = YES;
				CLANG_WARN_OBJC_LITERAL_CONVERSION = YES;
				CLANG_WARN_OBJC_ROOT_CLASS = YES_ERROR;
				CLANG_WARN_RANGE_LOOP_ANALYSIS = YES;
				CLANG_WARN_STRICT_PROTOTYPES = YES;
				CLANG_WARN_SUSPICIOUS_MOVE = YES;
				CLANG_WARN_UNGUARDED_AVAILABILITY = YES_AGGRESSIVE;
				CLANG_WARN_UNREACHABLE_CODE = YES;
				CLANG_WARN__DUPLICATE_METHOD_MATCH = YES;
				CODE_SIGN_IDENTITY = "iPhone Developer";
				COPY_PHASE_STRIP = NO;
				DEBUG_INFORMATION_FORMAT = dwarf;
				ENABLE_STRICT_OBJC_MSGSEND = YES;
				ENABLE_TESTABILITY = YES;
				GCC_C_LANGUAGE_STANDARD = gnu11;
				GCC_DYNAMIC_NO_PIC = NO;
				GCC_NO_COMMON_BLOCKS = YES;
				GCC_OPTIMIZATION_LEVEL = 0;
				GCC_PREPROCESSOR_DEFINITIONS = (
					"DEBUG=1",
					"$(inherited)",
				);
				GCC_WARN_64_TO_32_BIT_CONVERSION = YES;
				GCC_WARN_ABOUT_RETURN_TYPE = YES_ERROR;
				GCC_WARN_UNDECLARED_SELECTOR = YES;
				GCC_WARN_UNINITIALIZED_AUTOS = YES_AGGRESSIVE;
				GCC_WARN_UNUSED_FUNCTION = YES;
				GCC_WARN_UNUSED_VARIABLE = YES;
				IPHONEOS_DEPLOYMENT_TARGET = 11.3;
				MTL_ENABLE_DEBUG_INFO = YES;
				ONLY_ACTIVE_ARCH = YES;
				SDKROOT = iphoneos;
				SWIFT_ACTIVE_COMPILATION_CONDITIONS = DEBUG;
				SWIFT_OPTIMIZATION_LEVEL = "-Onone";
			};
			name = Debug;
		};
		D1970A9B20B86E6D00E80FFA /* Release */ = {
			isa = XCBuildConfiguration;
			buildSettings = {
				ALWAYS_SEARCH_USER_PATHS = NO;
				CLANG_ANALYZER_NONNULL = YES;
				CLANG_ANALYZER_NUMBER_OBJECT_CONVERSION = YES_AGGRESSIVE;
				CLANG_CXX_LANGUAGE_STANDARD = "gnu++14";
				CLANG_CXX_LIBRARY = "libc++";
				CLANG_ENABLE_MODULES = YES;
				CLANG_ENABLE_OBJC_ARC = YES;
				CLANG_ENABLE_OBJC_WEAK = YES;
				CLANG_WARN_BLOCK_CAPTURE_AUTORELEASING = YES;
				CLANG_WARN_BOOL_CONVERSION = YES;
				CLANG_WARN_COMMA = YES;
				CLANG_WARN_CONSTANT_CONVERSION = YES;
				CLANG_WARN_DEPRECATED_OBJC_IMPLEMENTATIONS = YES;
				CLANG_WARN_DIRECT_OBJC_ISA_USAGE = YES_ERROR;
				CLANG_WARN_DOCUMENTATION_COMMENTS = YES;
				CLANG_WARN_EMPTY_BODY = YES;
				CLANG_WARN_ENUM_CONVERSION = YES;
				CLANG_WARN_INFINITE_RECURSION = YES;
				CLANG_WARN_INT_CONVERSION = YES;
				CLANG_WARN_NON_LITERAL_NULL_CONVERSION = YES;
				CLANG_WARN_OBJC_IMPLICIT_RETAIN_SELF = YES;
				CLANG_WARN_OBJC_LITERAL_CONVERSION = YES;
				CLANG_WARN_OBJC_ROOT_CLASS = YES_ERROR;
				CLANG_WARN_RANGE_LOOP_ANALYSIS = YES;
				CLANG_WARN_STRICT_PROTOTYPES = YES;
				CLANG_WARN_SUSPICIOUS_MOVE = YES;
				CLANG_WARN_UNGUARDED_AVAILABILITY = YES_AGGRESSIVE;
				CLANG_WARN_UNREACHABLE_CODE = YES;
				CLANG_WARN__DUPLICATE_METHOD_MATCH = YES;
				CODE_SIGN_IDENTITY = "iPhone Developer";
				COPY_PHASE_STRIP = NO;
				DEBUG_INFORMATION_FORMAT = "dwarf-with-dsym";
				ENABLE_NS_ASSERTIONS = NO;
				ENABLE_STRICT_OBJC_MSGSEND = YES;
				GCC_C_LANGUAGE_STANDARD = gnu11;
				GCC_NO_COMMON_BLOCKS = YES;
				GCC_WARN_64_TO_32_BIT_CONVERSION = YES;
				GCC_WARN_ABOUT_RETURN_TYPE = YES_ERROR;
				GCC_WARN_UNDECLARED_SELECTOR = YES;
				GCC_WARN_UNINITIALIZED_AUTOS = YES_AGGRESSIVE;
				GCC_WARN_UNUSED_FUNCTION = YES;
				GCC_WARN_UNUSED_VARIABLE = YES;
				IPHONEOS_DEPLOYMENT_TARGET = 11.3;
				MTL_ENABLE_DEBUG_INFO = NO;
				SDKROOT = iphoneos;
				SWIFT_COMPILATION_MODE = wholemodule;
				SWIFT_OPTIMIZATION_LEVEL = "-O";
				VALIDATE_PRODUCT = YES;
			};
			name = Release;
		};
		D1970A9D20B86E6D00E80FFA /* Debug */ = {
			isa = XCBuildConfiguration;
			buildSettings = {
				ASSETCATALOG_COMPILER_APPICON_NAME = AppIcon;
				CODE_SIGN_STYLE = Automatic;
				DEVELOPMENT_TEAM = K43NQLV6G2;
				INFOPLIST_FILE = viceversa/Info.plist;
				LD_RUNPATH_SEARCH_PATHS = (
					"$(inherited)",
					"@executable_path/Frameworks",
				);
				PRODUCT_BUNDLE_IDENTIFIER = ir.pangaan.viceversa;
				PRODUCT_NAME = "$(TARGET_NAME)";
				SWIFT_VERSION = 4.0;
				TARGETED_DEVICE_FAMILY = "1,2";
			};
			name = Debug;
		};
		D1970A9E20B86E6D00E80FFA /* Release */ = {
			isa = XCBuildConfiguration;
			buildSettings = {
				ASSETCATALOG_COMPILER_APPICON_NAME = AppIcon;
				CODE_SIGN_STYLE = Automatic;
				DEVELOPMENT_TEAM = K43NQLV6G2;
				INFOPLIST_FILE = viceversa/Info.plist;
				LD_RUNPATH_SEARCH_PATHS = (
					"$(inherited)",
					"@executable_path/Frameworks",
				);
				PRODUCT_BUNDLE_IDENTIFIER = ir.pangaan.viceversa;
				PRODUCT_NAME = "$(TARGET_NAME)";
				SWIFT_VERSION = 4.0;
				TARGETED_DEVICE_FAMILY = "1,2";
			};
			name = Release;
		};
/* End XCBuildConfiguration section */

/* Begin XCConfigurationList section */
		D1970A8220B86E6B00E80FFA /* Build configuration list for PBXProject "viceversa" */ = {
			isa = XCConfigurationList;
			buildConfigurations = (
				D1970A9A20B86E6D00E80FFA /* Debug */,
				D1970A9B20B86E6D00E80FFA /* Release */,
			);
			defaultConfigurationIsVisible = 0;
			defaultConfigurationName = Release;
		};
		D1970A9C20B86E6D00E80FFA /* Build configuration list for PBXNativeTarget "viceversa" */ = {
			isa = XCConfigurationList;
			buildConfigurations = (
				D1970A9D20B86E6D00E80FFA /* Debug */,
				D1970A9E20B86E6D00E80FFA /* Release */,
			);
			defaultConfigurationIsVisible = 0;
			defaultConfigurationName = Release;
		};
/* End XCConfigurationList section */

/* Begin XCVersionGroup section */
		D1970A9120B86E6B00E80FFA /* viceversa.xcdatamodeld */ = {
			isa = XCVersionGroup;
			children = (
				D1970A9220B86E6B00E80FFA /* viceversa.xcdatamodel */,
			);
			currentVersion = D1970A9220B86E6B00E80FFA /* viceversa.xcdatamodel */;
			path = viceversa.xcdatamodeld;
			sourceTree = "<group>";
			versionGroupType = wrapper.xcdatamodel;
		};
/* End XCVersionGroup section */
	};
	rootObject = D1970A7F20B86E6B00E80FFA /* Project object */;
}
